
Microsoft Visual Studio Solution File, Format Version 12.00
# Visual Studio Version 17
VisualStudioVersion = 17.3.32811.315
MinimumVisualStudioVersion = 10.0.40219.1
Project("{2150E333-8FDC-42A3-9474-1A3956D46DE8}") = "Solution Items", "Solution Items", "{FEC063BB-7E10-449B-BA5A-EA0A19906782}"
	ProjectSection(SolutionItems) = preProject
		Readme.md = Readme.md
		Who-Needs-IRepository.md = Who-Needs-IRepository.md
	EndProjectSection
EndProject
Project("{2150E333-8FDC-42A3-9474-1A3956D46DE8}") = "Src", "Src", "{C01F4A66-574A-4274-BC76-27B25B753F86}"
EndProject
Project("{2150E333-8FDC-42A3-9474-1A3956D46DE8}") = "Libraries", "Libraries", "{66C642D9-27D7-4431-9112-238803C328DE}"
EndProject
Project("{2150E333-8FDC-42A3-9474-1A3956D46DE8}") = "Application", "Application", "{B5383CB4-A562-46A8-BE7E-16BCFBD2D57D}"
EndProject
Project("{2150E333-8FDC-42A3-9474-1A3956D46DE8}") = "EndPoints", "EndPoints", "{6862E0FA-108B-4BDE-8E6A-821292646791}"
EndProject
Project("{2150E333-8FDC-42A3-9474-1A3956D46DE8}") = "Tests", "Tests", "{7FB742A0-3FED-4E6F-94EE-1FF96DB95D84}"
EndProject
Project("{9A19103F-16F7-4668-BE54-9A1E7A4F7556}") = "Blazr.Core", "src\Libraries\Blazr.Core\Blazr.Core.csproj", "{9E23A34C-014D-456E-9318-E5C0EE36AB58}"
EndProject
Project("{9A19103F-16F7-4668-BE54-9A1E7A4F7556}") = "Blazr.Infrastructure", "src\Libraries\Blazr.Infrastructure\Blazr.Infrastructure.csproj", "{DDBE4715-78A4-4A4B-B3BE-A3C28F2BC1CE}"
EndProject
Project("{9A19103F-16F7-4668-BE54-9A1E7A4F7556}") = "Blazr.App.Core", "src\Application\Blazr.App.Core\Blazr.App.Core.csproj", "{44239515-3B83-4837-AC35-2E8EABE84E61}"
EndProject
Project("{9A19103F-16F7-4668-BE54-9A1E7A4F7556}") = "Blazr.App.Infrastructure", "src\Application\Blazr.App.Infrastructure\Blazr.App.Infrastructure.csproj", "{1414B78A-A036-4678-89D7-2B8E8AFD798E}"
EndProject
Project("{9A19103F-16F7-4668-BE54-9A1E7A4F7556}") = "Blazr.Test", "Tests\Blazr.Test\Blazr.Test.csproj", "{0C329362-7762-4EC6-AD25-88B587A92CD4}"
EndProject
Project("{9A19103F-16F7-4668-BE54-9A1E7A4F7556}") = "Blazr.App.Configurations", "src\Application\Blazr.App.Configurations\Blazr.App.Configurations.csproj", "{6BF96B61-C362-4E83-94CF-73563C48010D}"
EndProject
Global
	GlobalSection(SolutionConfigurationPlatforms) = preSolution
		Debug|Any CPU = Debug|Any CPU
		Release|Any CPU = Release|Any CPU
	EndGlobalSection
	GlobalSection(ProjectConfigurationPlatforms) = postSolution
		{9E23A34C-014D-456E-9318-E5C0EE36AB58}.Debug|Any CPU.ActiveCfg = Debug|Any CPU
		{9E23A34C-014D-456E-9318-E5C0EE36AB58}.Debug|Any CPU.Build.0 = Debug|Any CPU
		{9E23A34C-014D-456E-9318-E5C0EE36AB58}.Release|Any CPU.ActiveCfg = Release|Any CPU
		{9E23A34C-014D-456E-9318-E5C0EE36AB58}.Release|Any CPU.Build.0 = Release|Any CPU
		{DDBE4715-78A4-4A4B-B3BE-A3C28F2BC1CE}.Debug|Any CPU.ActiveCfg = Debug|Any CPU
		{DDBE4715-78A4-4A4B-B3BE-A3C28F2BC1CE}.Debug|Any CPU.Build.0 = Debug|Any CPU
		{DDBE4715-78A4-4A4B-B3BE-A3C28F2BC1CE}.Release|Any CPU.ActiveCfg = Release|Any CPU
		{DDBE4715-78A4-4A4B-B3BE-A3C28F2BC1CE}.Release|Any CPU.Build.0 = Release|Any CPU
		{44239515-3B83-4837-AC35-2E8EABE84E61}.Debug|Any CPU.ActiveCfg = Debug|Any CPU
		{44239515-3B83-4837-AC35-2E8EABE84E61}.Debug|Any CPU.Build.0 = Debug|Any CPU
		{44239515-3B83-4837-AC35-2E8EABE84E61}.Release|Any CPU.ActiveCfg = Release|Any CPU
		{44239515-3B83-4837-AC35-2E8EABE84E61}.Release|Any CPU.Build.0 = Release|Any CPU
		{1414B78A-A036-4678-89D7-2B8E8AFD798E}.Debug|Any CPU.ActiveCfg = Debug|Any CPU
		{1414B78A-A036-4678-89D7-2B8E8AFD798E}.Debug|Any CPU.Build.0 = Debug|Any CPU
		{1414B78A-A036-4678-89D7-2B8E8AFD798E}.Release|Any CPU.ActiveCfg = Release|Any CPU
		{1414B78A-A036-4678-89D7-2B8E8AFD798E}.Release|Any CPU.Build.0 = Release|Any CPU
		{0C329362-7762-4EC6-AD25-88B587A92CD4}.Debug|Any CPU.ActiveCfg = Debug|Any CPU
		{0C329362-7762-4EC6-AD25-88B587A92CD4}.Debug|Any CPU.Build.0 = Debug|Any CPU
		{0C329362-7762-4EC6-AD25-88B587A92CD4}.Release|Any CPU.ActiveCfg = Release|Any CPU
		{0C329362-7762-4EC6-AD25-88B587A92CD4}.Release|Any CPU.Build.0 = Release|Any CPU
		{6BF96B61-C362-4E83-94CF-73563C48010D}.Debug|Any CPU.ActiveCfg = Debug|Any CPU
		{6BF96B61-C362-4E83-94CF-73563C48010D}.Debug|Any CPU.Build.0 = Debug|Any CPU
		{6BF96B61-C362-4E83-94CF-73563C48010D}.Release|Any CPU.ActiveCfg = Release|Any CPU
		{6BF96B61-C362-4E83-94CF-73563C48010D}.Release|Any CPU.Build.0 = Release|Any CPU
	EndGlobalSection
	GlobalSection(SolutionProperties) = preSolution
		HideSolutionNode = FALSE
	EndGlobalSection
	GlobalSection(NestedProjects) = preSolution
		{66C642D9-27D7-4431-9112-238803C328DE} = {C01F4A66-574A-4274-BC76-27B25B753F86}
		{B5383CB4-A562-46A8-BE7E-16BCFBD2D57D} = {C01F4A66-574A-4274-BC76-27B25B753F86}
		{6862E0FA-108B-4BDE-8E6A-821292646791} = {C01F4A66-574A-4274-BC76-27B25B753F86}
		{9E23A34C-014D-456E-9318-E5C0EE36AB58} = {66C642D9-27D7-4431-9112-238803C328DE}
		{DDBE4715-78A4-4A4B-B3BE-A3C28F2BC1CE} = {66C642D9-27D7-4431-9112-238803C328DE}
		{44239515-3B83-4837-AC35-2E8EABE84E61} = {B5383CB4-A562-46A8-BE7E-16BCFBD2D57D}
		{1414B78A-A036-4678-89D7-2B8E8AFD798E} = {B5383CB4-A562-46A8-BE7E-16BCFBD2D57D}
		{0C329362-7762-4EC6-AD25-88B587A92CD4} = {7FB742A0-3FED-4E6F-94EE-1FF96DB95D84}
		{6BF96B61-C362-4E83-94CF-73563C48010D} = {B5383CB4-A562-46A8-BE7E-16BCFBD2D57D}
	EndGlobalSection
	GlobalSection(ExtensibilityGlobals) = postSolution
		SolutionGuid = {6147AEEE-9AA8-4A26-84CF-05CADA6A3574}
	EndGlobalSection
EndGlobal
